
Microsoft Visual Studio Solution File, Format Version 12.00
# Visual Studio Version 17
VisualStudioVersion = 17.8.34316.72
MinimumVisualStudioVersion = 10.0.40219.1
Project("{9A19103F-16F7-4668-BE54-9A1E7A4F7556}") = "LolStoveLeagueApi", "LolStoveLeagueApi\LolStoveLeagueApi.csproj", "{D2DB9B6A-0EBA-442F-8322-F800B5B36B76}"
EndProject
Project("{9A19103F-16F7-4668-BE54-9A1E7A4F7556}") = "Contracts", "Contracts\Contracts.csproj", "{383FDDCE-62B0-47CA-AAE0-CE2A2177E8FF}"
EndProject
Project("{9A19103F-16F7-4668-BE54-9A1E7A4F7556}") = "LoggerService", "LoggerService\LoggerService.csproj", "{2D9A1C6C-BC56-40DA-81AE-96DF91505A49}"
EndProject
Project("{9A19103F-16F7-4668-BE54-9A1E7A4F7556}") = "Entities", "Entities\Entities.csproj", "{105487FF-9611-40D1-9485-E40A72FAC472}"
EndProject
Project("{FAE04EC0-301F-11D3-BF4B-00C04F79EFBC}") = "Repository", "Repository\Repository.csproj", "{B067741E-F1BE-492A-94E7-9D1C00AE7FAE}"
EndProject
Global
	GlobalSection(SolutionConfigurationPlatforms) = preSolution
		Debug|Any CPU = Debug|Any CPU
		Release|Any CPU = Release|Any CPU
	EndGlobalSection
	GlobalSection(ProjectConfigurationPlatforms) = postSolution
		{D2DB9B6A-0EBA-442F-8322-F800B5B36B76}.Debug|Any CPU.ActiveCfg = Debug|Any CPU
		{D2DB9B6A-0EBA-442F-8322-F800B5B36B76}.Debug|Any CPU.Build.0 = Debug|Any CPU
		{D2DB9B6A-0EBA-442F-8322-F800B5B36B76}.Release|Any CPU.ActiveCfg = Release|Any CPU
		{D2DB9B6A-0EBA-442F-8322-F800B5B36B76}.Release|Any CPU.Build.0 = Release|Any CPU
		{383FDDCE-62B0-47CA-AAE0-CE2A2177E8FF}.Debug|Any CPU.ActiveCfg = Debug|Any CPU
		{383FDDCE-62B0-47CA-AAE0-CE2A2177E8FF}.Debug|Any CPU.Build.0 = Debug|Any CPU
		{383FDDCE-62B0-47CA-AAE0-CE2A2177E8FF}.Release|Any CPU.ActiveCfg = Release|Any CPU
		{383FDDCE-62B0-47CA-AAE0-CE2A2177E8FF}.Release|Any CPU.Build.0 = Release|Any CPU
		{2D9A1C6C-BC56-40DA-81AE-96DF91505A49}.Debug|Any CPU.ActiveCfg = Debug|Any CPU
		{2D9A1C6C-BC56-40DA-81AE-96DF91505A49}.Debug|Any CPU.Build.0 = Debug|Any CPU
		{2D9A1C6C-BC56-40DA-81AE-96DF91505A49}.Release|Any CPU.ActiveCfg = Release|Any CPU
		{2D9A1C6C-BC56-40DA-81AE-96DF91505A49}.Release|Any CPU.Build.0 = Release|Any CPU
		{105487FF-9611-40D1-9485-E40A72FAC472}.Debug|Any CPU.ActiveCfg = Debug|Any CPU
		{105487FF-9611-40D1-9485-E40A72FAC472}.Debug|Any CPU.Build.0 = Debug|Any CPU
		{105487FF-9611-40D1-9485-E40A72FAC472}.Release|Any CPU.ActiveCfg = Release|Any CPU
		{105487FF-9611-40D1-9485-E40A72FAC472}.Release|Any CPU.Build.0 = Release|Any CPU
		{B067741E-F1BE-492A-94E7-9D1C00AE7FAE}.Debug|Any CPU.ActiveCfg = Debug|Any CPU
		{B067741E-F1BE-492A-94E7-9D1C00AE7FAE}.Debug|Any CPU.Build.0 = Debug|Any CPU
		{B067741E-F1BE-492A-94E7-9D1C00AE7FAE}.Release|Any CPU.ActiveCfg = Release|Any CPU
		{B067741E-F1BE-492A-94E7-9D1C00AE7FAE}.Release|Any CPU.Build.0 = Release|Any CPU
	EndGlobalSection
	GlobalSection(SolutionProperties) = preSolution
		HideSolutionNode = FALSE
	EndGlobalSection
	GlobalSection(ExtensibilityGlobals) = postSolution
		SolutionGuid = {97BCA0FF-27D3-435D-993B-2BE89DCEB472}
	EndGlobalSection
EndGlobal
